
Microsoft Visual Studio Solution File, Format Version 12.00
# Visual Studio Version 17
VisualStudioVersion = 17.2.32630.192
MinimumVisualStudioVersion = 10.0.40219.1
Project("{9A19103F-16F7-4668-BE54-9A1E7A4F7556}") = "GB.Emulator", "GB.Emulator\GB.Emulator.csproj", "{6685661C-B856-4DF8-9F66-96F8CF1171A3}"
EndProject
Project("{9A19103F-16F7-4668-BE54-9A1E7A4F7556}") = "GB.Emulator.Core", "GB.Emulator.Core\GB.Emulator.Core.csproj", "{A41885EE-5422-461B-9152-12EB44C40D85}"
EndProject
Project("{9A19103F-16F7-4668-BE54-9A1E7A4F7556}") = "GB.Emulator.Tests", "GB.Emulator.Tests\GB.Emulator.Tests.csproj", "{9F6FFEEE-DA7B-4D07-9F9D-0C87C1992723}"
EndProject
Project("{2150E333-8FDC-42A3-9474-1A3956D46DE8}") = "Solution Items", "Solution Items", "{69CE0A88-E96E-4C60-A6D8-348BAFD6BFE2}"
	ProjectSection(SolutionItems) = preProject
		.gitignore = .gitignore
		README.md = README.md
	EndProjectSection
EndProject
Project("{2150E333-8FDC-42A3-9474-1A3956D46DE8}") = "GB.Roms", "GB.Roms", "{2BB139DB-1EE5-4BFA-A92C-D222BAAD8150}"
	ProjectSection(SolutionItems) = preProject
		GB.Roms\PUZZLE.GB = GB.Roms\PUZZLE.GB
		GB.Roms\RPN.GB = GB.Roms\RPN.GB
		GB.Roms\SOUND.GB = GB.Roms\SOUND.GB
		GB.Roms\SPACE.GB = GB.Roms\SPACE.GB
		GB.Roms\SPRITE.GB = GB.Roms\SPRITE.GB
		GB.Roms\TEST.GB = GB.Roms\TEST.GB
	EndProjectSection
EndProject
Global
	GlobalSection(SolutionConfigurationPlatforms) = preSolution
		Debug|Any CPU = Debug|Any CPU
		Release|Any CPU = Release|Any CPU
	EndGlobalSection
	GlobalSection(ProjectConfigurationPlatforms) = postSolution
		{6685661C-B856-4DF8-9F66-96F8CF1171A3}.Debug|Any CPU.ActiveCfg = Debug|Any CPU
		{6685661C-B856-4DF8-9F66-96F8CF1171A3}.Debug|Any CPU.Build.0 = Debug|Any CPU
		{6685661C-B856-4DF8-9F66-96F8CF1171A3}.Release|Any CPU.ActiveCfg = Release|Any CPU
		{6685661C-B856-4DF8-9F66-96F8CF1171A3}.Release|Any CPU.Build.0 = Release|Any CPU
		{A41885EE-5422-461B-9152-12EB44C40D85}.Debug|Any CPU.ActiveCfg = Debug|Any CPU
		{A41885EE-5422-461B-9152-12EB44C40D85}.Debug|Any CPU.Build.0 = Debug|Any CPU
		{A41885EE-5422-461B-9152-12EB44C40D85}.Release|Any CPU.ActiveCfg = Release|Any CPU
		{A41885EE-5422-461B-9152-12EB44C40D85}.Release|Any CPU.Build.0 = Release|Any CPU
		{9F6FFEEE-DA7B-4D07-9F9D-0C87C1992723}.Debug|Any CPU.ActiveCfg = Debug|Any CPU
		{9F6FFEEE-DA7B-4D07-9F9D-0C87C1992723}.Debug|Any CPU.Build.0 = Debug|Any CPU
		{9F6FFEEE-DA7B-4D07-9F9D-0C87C1992723}.Release|Any CPU.ActiveCfg = Release|Any CPU
		{9F6FFEEE-DA7B-4D07-9F9D-0C87C1992723}.Release|Any CPU.Build.0 = Release|Any CPU
	EndGlobalSection
	GlobalSection(SolutionProperties) = preSolution
		HideSolutionNode = FALSE
	EndGlobalSection
	GlobalSection(ExtensibilityGlobals) = postSolution
		SolutionGuid = {5DEAA1FB-9B9A-468E-A72F-2BB6FDEFB44F}
	EndGlobalSection
EndGlobal
